
Microsoft Visual Studio Solution File, Format Version 12.00
# Visual Studio Version 17
VisualStudioVersion = 17.0.32112.339
MinimumVisualStudioVersion = 10.0.40219.1
Project("{FAE04EC0-301F-11D3-BF4B-00C04F79EFBC}") = "RpS2.0", "RpS2.0.csproj", "{2FF55174-49CA-4DF4-914C-D8379CA5E9DD}"
EndProject
Global
	GlobalSection(SolutionConfigurationPlatforms) = preSolution
		Debug|Any CPU = Debug|Any CPU
		Release|Any CPU = Release|Any CPU
	EndGlobalSection
	GlobalSection(ProjectConfigurationPlatforms) = postSolution
		{2FF55174-49CA-4DF4-914C-D8379CA5E9DD}.Debug|Any CPU.ActiveCfg = Debug|Any CPU
		{2FF55174-49CA-4DF4-914C-D8379CA5E9DD}.Debug|Any CPU.Build.0 = Debug|Any CPU
		{2FF55174-49CA-4DF4-914C-D8379CA5E9DD}.Release|Any CPU.ActiveCfg = Release|Any CPU
		{2FF55174-49CA-4DF4-914C-D8379CA5E9DD}.Release|Any CPU.Build.0 = Release|Any CPU
	EndGlobalSection
	GlobalSection(SolutionProperties) = preSolution
		HideSolutionNode = FALSE
	EndGlobalSection
	GlobalSection(ExtensibilityGlobals) = postSolution
		SolutionGuid = {E271CB21-25A0-4F31-A1C5-1D0690890960}
	EndGlobalSection
EndGlobal
